
Microsoft Visual Studio Solution File, Format Version 12.00
# Visual Studio Version 16
VisualStudioVersion = 16.0.31313.79
MinimumVisualStudioVersion = 10.0.40219.1
Project("{9A19103F-16F7-4668-BE54-9A1E7A4F7556}") = "ClassLibrary", "ClassLibrary\ClassLibrary.csproj", "{123053BA-7068-4178-8CBC-5D3BFB0A7110}"
EndProject
Project("{9A19103F-16F7-4668-BE54-9A1E7A4F7556}") = "EncryptionTest", "EncryptionTest\EncryptionTest.csproj", "{C178A3F0-5AD0-4EBB-AA5B-613FE6B5D7F5}"
EndProject
Project("{9A19103F-16F7-4668-BE54-9A1E7A4F7556}") = "API", "API\API.csproj", "{13B956A4-004A-4DC7-A761-3AC1E6214A15}"
	ProjectSection(ProjectDependencies) = postProject
		{C178A3F0-5AD0-4EBB-AA5B-613FE6B5D7F5} = {C178A3F0-5AD0-4EBB-AA5B-613FE6B5D7F5}
	EndProjectSection
EndProject
Global
	GlobalSection(SolutionConfigurationPlatforms) = preSolution
		Debug|Any CPU = Debug|Any CPU
		Release|Any CPU = Release|Any CPU
	EndGlobalSection
	GlobalSection(ProjectConfigurationPlatforms) = postSolution
		{123053BA-7068-4178-8CBC-5D3BFB0A7110}.Debug|Any CPU.ActiveCfg = Debug|Any CPU
		{123053BA-7068-4178-8CBC-5D3BFB0A7110}.Debug|Any CPU.Build.0 = Debug|Any CPU
		{123053BA-7068-4178-8CBC-5D3BFB0A7110}.Release|Any CPU.ActiveCfg = Release|Any CPU
		{123053BA-7068-4178-8CBC-5D3BFB0A7110}.Release|Any CPU.Build.0 = Release|Any CPU
		{C178A3F0-5AD0-4EBB-AA5B-613FE6B5D7F5}.Debug|Any CPU.ActiveCfg = Debug|Any CPU
		{C178A3F0-5AD0-4EBB-AA5B-613FE6B5D7F5}.Debug|Any CPU.Build.0 = Debug|Any CPU
		{C178A3F0-5AD0-4EBB-AA5B-613FE6B5D7F5}.Release|Any CPU.ActiveCfg = Release|Any CPU
		{C178A3F0-5AD0-4EBB-AA5B-613FE6B5D7F5}.Release|Any CPU.Build.0 = Release|Any CPU
		{13B956A4-004A-4DC7-A761-3AC1E6214A15}.Debug|Any CPU.ActiveCfg = Debug|Any CPU
		{13B956A4-004A-4DC7-A761-3AC1E6214A15}.Debug|Any CPU.Build.0 = Debug|Any CPU
		{13B956A4-004A-4DC7-A761-3AC1E6214A15}.Release|Any CPU.ActiveCfg = Release|Any CPU
		{13B956A4-004A-4DC7-A761-3AC1E6214A15}.Release|Any CPU.Build.0 = Release|Any CPU
	EndGlobalSection
	GlobalSection(SolutionProperties) = preSolution
		HideSolutionNode = FALSE
	EndGlobalSection
	GlobalSection(ExtensibilityGlobals) = postSolution
		SolutionGuid = {11BFCD0C-F1F6-4952-9E58-F31D45A3058A}
	EndGlobalSection
EndGlobal
